
Microsoft Visual Studio Solution File, Format Version 12.00
# Visual Studio 15
VisualStudioVersion = 15.0.26228.9
MinimumVisualStudioVersion = 10.0.40219.1
Project("{2150E333-8FDC-42A3-9474-1A3956D46DE8}") = "Solution Items", "Solution Items", "{0B65E571-98A2-4137-94CD-FBDA3949964B}"
	ProjectSection(SolutionItems) = preProject
		index.html = index.html
		main.css = main.css
		..\..\..\..\Desktop\img\wallpaper2.jpeg = ..\..\..\..\Desktop\img\wallpaper2.jpeg
	EndProjectSection
EndProject
Project("{2150E333-8FDC-42A3-9474-1A3956D46DE8}") = "img", "img", "{34F25574-CE31-4A51-8BCF-18E417C05A81}"
	ProjectSection(SolutionItems) = preProject
		..\..\..\..\Desktop\img\Asters.jpeg = ..\..\..\..\Desktop\img\Asters.jpeg
		..\..\..\..\Desktop\img\Coleus.jpg = ..\..\..\..\Desktop\img\Coleus.jpg
		..\..\..\..\Desktop\img\Crocus.jpeg = ..\..\..\..\Desktop\img\Crocus.jpeg
		..\..\..\..\Desktop\Daisies.jpeg = ..\..\..\..\Desktop\Daisies.jpeg
		..\..\..\..\Desktop\img\Lily.jpeg = ..\..\..\..\Desktop\img\Lily.jpeg
		..\..\..\..\Desktop\img\Rose.jpeg = ..\..\..\..\Desktop\img\Rose.jpeg
		..\..\..\..\Desktop\img\Sunflowers.jpeg = ..\..\..\..\Desktop\img\Sunflowers.jpeg
		..\..\..\..\Desktop\img\Tulip2.jpeg = ..\..\..\..\Desktop\img\Tulip2.jpeg
		..\..\..\..\Desktop\img\Tulips.jpeg = ..\..\..\..\Desktop\img\Tulips.jpeg
		..\..\..\..\Desktop\img\walllpaper.jpeg = ..\..\..\..\Desktop\img\walllpaper.jpeg
		..\..\..\..\Desktop\img\wallpaper2.jpeg = ..\..\..\..\Desktop\img\wallpaper2.jpeg
		..\..\..\..\Desktop\img\wallpaper4.jpeg = ..\..\..\..\Desktop\img\wallpaper4.jpeg
	EndProjectSection
EndProject
Global
	GlobalSection(SolutionProperties) = preSolution
		HideSolutionNode = FALSE
	EndGlobalSection
	GlobalSection(NestedProjects) = preSolution
		{34F25574-CE31-4A51-8BCF-18E417C05A81} = {0B65E571-98A2-4137-94CD-FBDA3949964B}
	EndGlobalSection
EndGlobal
