
Microsoft Visual Studio Solution File, Format Version 12.00
# Visual Studio 15
VisualStudioVersion = 15.0.26228.9
MinimumVisualStudioVersion = 10.0.40219.1
Project("{FAE04EC0-301F-11D3-BF4B-00C04F79EFBC}") = "0.01_Intro", "0.01_Intro\0.01_Intro.csproj", "{54722902-1945-4994-BFF2-A708C5967D39}"
EndProject
Project("{FAE04EC0-301F-11D3-BF4B-00C04F79EFBC}") = "0.02_BasicTypes", "ConsoleApp1\0.02_BasicTypes.csproj", "{48E5DE7A-A208-4650-9E0F-D3525905A002}"
EndProject
Project("{FAE04EC0-301F-11D3-BF4B-00C04F79EFBC}") = "0.02_BasicTypes_Challenges", "ConsoleApp2\0.02_BasicTypes_Challenges.csproj", "{C896E2D5-A9D7-4BC2-8465-0EEBF5A76015}"
EndProject
Project("{FAE04EC0-301F-11D3-BF4B-00C04F79EFBC}") = "0.03_Strings", "ConsoleApp3\0.03_Strings.csproj", "{EB49EA24-185F-492F-90B6-2DC609211867}"
EndProject
Project("{FAE04EC0-301F-11D3-BF4B-00C04F79EFBC}") = "0.04_Conditional_If", "ConsoleApp4\0.04_Conditional_If.csproj", "{AAE75EC7-26AE-4811-8D4F-8399CA1B1A8D}"
EndProject
Project("{FAE04EC0-301F-11D3-BF4B-00C04F79EFBC}") = "0.04_Conditionals_if_else", "ConsoleApp5\0.04_Conditionals_if_else.csproj", "{69F05C43-744E-43ED-8F59-A594FACC306D}"
EndProject
Project("{FAE04EC0-301F-11D3-BF4B-00C04F79EFBC}") = "0.04_Conditionsl_else_if", "0.04_else_if\0.04_Conditionsl_else_if.csproj", "{4814ACE5-367B-4D6A-B81B-7CCAFDEF9E3D}"
EndProject
Project("{FAE04EC0-301F-11D3-BF4B-00C04F79EFBC}") = "0.04_Conditionals_ReadLine", "0.04_Conditionals_ReadLine\0.04_Conditionals_ReadLine.csproj", "{CC58B1CC-310C-4703-9DF7-A5CC4801EBEB}"
EndProject
Project("{FAE04EC0-301F-11D3-BF4B-00C04F79EFBC}") = "0.04_Conditionals_switch", "0.04_Conditionals_switch\0.04_Conditionals_switch.csproj", "{FDBF9C04-81CB-4F2A-BE32-13B933667841}"
EndProject
Project("{FAE04EC0-301F-11D3-BF4B-00C04F79EFBC}") = "0.04_Conditionals_Ternary", "0.04_Conditionals_Ternary\0.04_Conditionals_Ternary.csproj", "{E7B2E61D-B5D5-4513-8E55-7E3E39E285CB}"
EndProject
Project("{FAE04EC0-301F-11D3-BF4B-00C04F79EFBC}") = "0.05_Objects", "0.05_Objects\0.05_Objects.csproj", "{62ED9FED-46D2-4617-B623-2EFCB6049C05}"
EndProject
Project("{FAE04EC0-301F-11D3-BF4B-00C04F79EFBC}") = "0.05_Objects_Challenges", "0.05_Objects_Challenges\0.05_Objects_Challenges.csproj", "{0E70152A-B029-4BBF-9278-864AB13D021C}"
EndProject
Project("{FAE04EC0-301F-11D3-BF4B-00C04F79EFBC}") = "0.06_Methods", "0.06_Methods\0.06_Methods.csproj", "{6B939B35-1B1C-457E-9931-00C1A080CF28}"
EndProject
Project("{FAE04EC0-301F-11D3-BF4B-00C04F79EFBC}") = "0.14_FantasyGame", "0.14_FantasyGame\0.14_FantasyGame.csproj", "{02014D8C-A790-4571-8247-2D1BAD2E8FA0}"
EndProject
Project("{FAE04EC0-301F-11D3-BF4B-00C04F79EFBC}") = "0.06_Methods_Challenge", "0.06_Methods_Challenge\0.06_Methods_Challenge.csproj", "{EEF5A307-E32E-441F-AFF8-D6E4A79B570E}"
EndProject
Project("{FAE04EC0-301F-11D3-BF4B-00C04F79EFBC}") = "0.08_Methods_Overloading", "0.08_Methods_Overloading\0.08_Methods_Overloading.csproj", "{9EA9A01E-B13D-4CB9-9953-5649022A37B0}"
EndProject
Project("{FAE04EC0-301F-11D3-BF4B-00C04F79EFBC}") = "0.09_Constructors", "0.09)Constructors\0.09_Constructors.csproj", "{9ED86059-169A-471F-A949-06792AC75AAB}"
EndProject
Project("{FAE04EC0-301F-11D3-BF4B-00C04F79EFBC}") = "0.09_Construtors_Challenge", "0.09_Construtors_Challenge\0.09_Construtors_Challenge.csproj", "{5767A8A0-CF4A-4C03-8BFD-3C508EC886E3}"
EndProject
Project("{FAE04EC0-301F-11D3-BF4B-00C04F79EFBC}") = "0.10_Collections_ArrayOfObject", "0.10_Collections_ArrayOfObject\0.10_Collections_ArrayOfObject.csproj", "{F25CCD71-9A3F-44D5-A646-07BA033CFD78}"
EndProject
Project("{FAE04EC0-301F-11D3-BF4B-00C04F79EFBC}") = "0.10_Collections_Dictionaries", "0.10_Collections_Dictionaries\0.10_Collections_Dictionaries.csproj", "{3017A3D6-D3BC-4377-853A-D12CE8A689CB}"
EndProject
Project("{FAE04EC0-301F-11D3-BF4B-00C04F79EFBC}") = "0.11_Inheritance", "0.11_Inheritance\0.11_Inheritance.csproj", "{9B5C8AD4-D0B8-493D-871D-105B885FAD8F}"
EndProject
Project("{FAE04EC0-301F-11D3-BF4B-00C04F79EFBC}") = "0.12_AccessModiifiers", "0.12_AccessModiifiers\0.12_AccessModiifiers.csproj", "{9586B747-D6CA-434F-AD97-5CDAED0C8603}"
EndProject
Project("{FAE04EC0-301F-11D3-BF4B-00C04F79EFBC}") = "0.13_GettersandSetters", "0.13_GettersandSetters\0.13_GettersandSetters.csproj", "{7DCBCBAB-C325-4793-9DB0-7B805A57AFA4}"
EndProject
Global
	GlobalSection(SolutionConfigurationPlatforms) = preSolution
		Debug|Any CPU = Debug|Any CPU
		Release|Any CPU = Release|Any CPU
	EndGlobalSection
	GlobalSection(ProjectConfigurationPlatforms) = postSolution
		{54722902-1945-4994-BFF2-A708C5967D39}.Debug|Any CPU.ActiveCfg = Debug|Any CPU
		{54722902-1945-4994-BFF2-A708C5967D39}.Debug|Any CPU.Build.0 = Debug|Any CPU
		{54722902-1945-4994-BFF2-A708C5967D39}.Release|Any CPU.ActiveCfg = Release|Any CPU
		{54722902-1945-4994-BFF2-A708C5967D39}.Release|Any CPU.Build.0 = Release|Any CPU
		{48E5DE7A-A208-4650-9E0F-D3525905A002}.Debug|Any CPU.ActiveCfg = Debug|Any CPU
		{48E5DE7A-A208-4650-9E0F-D3525905A002}.Debug|Any CPU.Build.0 = Debug|Any CPU
		{48E5DE7A-A208-4650-9E0F-D3525905A002}.Release|Any CPU.ActiveCfg = Release|Any CPU
		{48E5DE7A-A208-4650-9E0F-D3525905A002}.Release|Any CPU.Build.0 = Release|Any CPU
		{C896E2D5-A9D7-4BC2-8465-0EEBF5A76015}.Debug|Any CPU.ActiveCfg = Debug|Any CPU
		{C896E2D5-A9D7-4BC2-8465-0EEBF5A76015}.Debug|Any CPU.Build.0 = Debug|Any CPU
		{C896E2D5-A9D7-4BC2-8465-0EEBF5A76015}.Release|Any CPU.ActiveCfg = Release|Any CPU
		{C896E2D5-A9D7-4BC2-8465-0EEBF5A76015}.Release|Any CPU.Build.0 = Release|Any CPU
		{EB49EA24-185F-492F-90B6-2DC609211867}.Debug|Any CPU.ActiveCfg = Debug|Any CPU
		{EB49EA24-185F-492F-90B6-2DC609211867}.Debug|Any CPU.Build.0 = Debug|Any CPU
		{EB49EA24-185F-492F-90B6-2DC609211867}.Release|Any CPU.ActiveCfg = Release|Any CPU
		{EB49EA24-185F-492F-90B6-2DC609211867}.Release|Any CPU.Build.0 = Release|Any CPU
		{AAE75EC7-26AE-4811-8D4F-8399CA1B1A8D}.Debug|Any CPU.ActiveCfg = Debug|Any CPU
		{AAE75EC7-26AE-4811-8D4F-8399CA1B1A8D}.Debug|Any CPU.Build.0 = Debug|Any CPU
		{AAE75EC7-26AE-4811-8D4F-8399CA1B1A8D}.Release|Any CPU.ActiveCfg = Release|Any CPU
		{AAE75EC7-26AE-4811-8D4F-8399CA1B1A8D}.Release|Any CPU.Build.0 = Release|Any CPU
		{69F05C43-744E-43ED-8F59-A594FACC306D}.Debug|Any CPU.ActiveCfg = Debug|Any CPU
		{69F05C43-744E-43ED-8F59-A594FACC306D}.Debug|Any CPU.Build.0 = Debug|Any CPU
		{69F05C43-744E-43ED-8F59-A594FACC306D}.Release|Any CPU.ActiveCfg = Release|Any CPU
		{69F05C43-744E-43ED-8F59-A594FACC306D}.Release|Any CPU.Build.0 = Release|Any CPU
		{4814ACE5-367B-4D6A-B81B-7CCAFDEF9E3D}.Debug|Any CPU.ActiveCfg = Debug|Any CPU
		{4814ACE5-367B-4D6A-B81B-7CCAFDEF9E3D}.Debug|Any CPU.Build.0 = Debug|Any CPU
		{4814ACE5-367B-4D6A-B81B-7CCAFDEF9E3D}.Release|Any CPU.ActiveCfg = Release|Any CPU
		{4814ACE5-367B-4D6A-B81B-7CCAFDEF9E3D}.Release|Any CPU.Build.0 = Release|Any CPU
		{CC58B1CC-310C-4703-9DF7-A5CC4801EBEB}.Debug|Any CPU.ActiveCfg = Debug|Any CPU
		{CC58B1CC-310C-4703-9DF7-A5CC4801EBEB}.Debug|Any CPU.Build.0 = Debug|Any CPU
		{CC58B1CC-310C-4703-9DF7-A5CC4801EBEB}.Release|Any CPU.ActiveCfg = Release|Any CPU
		{CC58B1CC-310C-4703-9DF7-A5CC4801EBEB}.Release|Any CPU.Build.0 = Release|Any CPU
		{FDBF9C04-81CB-4F2A-BE32-13B933667841}.Debug|Any CPU.ActiveCfg = Debug|Any CPU
		{FDBF9C04-81CB-4F2A-BE32-13B933667841}.Debug|Any CPU.Build.0 = Debug|Any CPU
		{FDBF9C04-81CB-4F2A-BE32-13B933667841}.Release|Any CPU.ActiveCfg = Release|Any CPU
		{FDBF9C04-81CB-4F2A-BE32-13B933667841}.Release|Any CPU.Build.0 = Release|Any CPU
		{E7B2E61D-B5D5-4513-8E55-7E3E39E285CB}.Debug|Any CPU.ActiveCfg = Debug|Any CPU
		{E7B2E61D-B5D5-4513-8E55-7E3E39E285CB}.Debug|Any CPU.Build.0 = Debug|Any CPU
		{E7B2E61D-B5D5-4513-8E55-7E3E39E285CB}.Release|Any CPU.ActiveCfg = Release|Any CPU
		{E7B2E61D-B5D5-4513-8E55-7E3E39E285CB}.Release|Any CPU.Build.0 = Release|Any CPU
		{62ED9FED-46D2-4617-B623-2EFCB6049C05}.Debug|Any CPU.ActiveCfg = Debug|Any CPU
		{62ED9FED-46D2-4617-B623-2EFCB6049C05}.Debug|Any CPU.Build.0 = Debug|Any CPU
		{62ED9FED-46D2-4617-B623-2EFCB6049C05}.Release|Any CPU.ActiveCfg = Release|Any CPU
		{62ED9FED-46D2-4617-B623-2EFCB6049C05}.Release|Any CPU.Build.0 = Release|Any CPU
		{0E70152A-B029-4BBF-9278-864AB13D021C}.Debug|Any CPU.ActiveCfg = Debug|Any CPU
		{0E70152A-B029-4BBF-9278-864AB13D021C}.Debug|Any CPU.Build.0 = Debug|Any CPU
		{0E70152A-B029-4BBF-9278-864AB13D021C}.Release|Any CPU.ActiveCfg = Release|Any CPU
		{0E70152A-B029-4BBF-9278-864AB13D021C}.Release|Any CPU.Build.0 = Release|Any CPU
		{6B939B35-1B1C-457E-9931-00C1A080CF28}.Debug|Any CPU.ActiveCfg = Debug|Any CPU
		{6B939B35-1B1C-457E-9931-00C1A080CF28}.Debug|Any CPU.Build.0 = Debug|Any CPU
		{6B939B35-1B1C-457E-9931-00C1A080CF28}.Release|Any CPU.ActiveCfg = Release|Any CPU
		{6B939B35-1B1C-457E-9931-00C1A080CF28}.Release|Any CPU.Build.0 = Release|Any CPU
		{02014D8C-A790-4571-8247-2D1BAD2E8FA0}.Debug|Any CPU.ActiveCfg = Debug|Any CPU
		{02014D8C-A790-4571-8247-2D1BAD2E8FA0}.Debug|Any CPU.Build.0 = Debug|Any CPU
		{02014D8C-A790-4571-8247-2D1BAD2E8FA0}.Release|Any CPU.ActiveCfg = Release|Any CPU
		{02014D8C-A790-4571-8247-2D1BAD2E8FA0}.Release|Any CPU.Build.0 = Release|Any CPU
		{EEF5A307-E32E-441F-AFF8-D6E4A79B570E}.Debug|Any CPU.ActiveCfg = Debug|Any CPU
		{EEF5A307-E32E-441F-AFF8-D6E4A79B570E}.Debug|Any CPU.Build.0 = Debug|Any CPU
		{EEF5A307-E32E-441F-AFF8-D6E4A79B570E}.Release|Any CPU.ActiveCfg = Release|Any CPU
		{EEF5A307-E32E-441F-AFF8-D6E4A79B570E}.Release|Any CPU.Build.0 = Release|Any CPU
		{9EA9A01E-B13D-4CB9-9953-5649022A37B0}.Debug|Any CPU.ActiveCfg = Debug|Any CPU
		{9EA9A01E-B13D-4CB9-9953-5649022A37B0}.Debug|Any CPU.Build.0 = Debug|Any CPU
		{9EA9A01E-B13D-4CB9-9953-5649022A37B0}.Release|Any CPU.ActiveCfg = Release|Any CPU
		{9EA9A01E-B13D-4CB9-9953-5649022A37B0}.Release|Any CPU.Build.0 = Release|Any CPU
		{9ED86059-169A-471F-A949-06792AC75AAB}.Debug|Any CPU.ActiveCfg = Debug|Any CPU
		{9ED86059-169A-471F-A949-06792AC75AAB}.Debug|Any CPU.Build.0 = Debug|Any CPU
		{9ED86059-169A-471F-A949-06792AC75AAB}.Release|Any CPU.ActiveCfg = Release|Any CPU
		{9ED86059-169A-471F-A949-06792AC75AAB}.Release|Any CPU.Build.0 = Release|Any CPU
		{5767A8A0-CF4A-4C03-8BFD-3C508EC886E3}.Debug|Any CPU.ActiveCfg = Debug|Any CPU
		{5767A8A0-CF4A-4C03-8BFD-3C508EC886E3}.Debug|Any CPU.Build.0 = Debug|Any CPU
		{5767A8A0-CF4A-4C03-8BFD-3C508EC886E3}.Release|Any CPU.ActiveCfg = Release|Any CPU
		{5767A8A0-CF4A-4C03-8BFD-3C508EC886E3}.Release|Any CPU.Build.0 = Release|Any CPU
		{F25CCD71-9A3F-44D5-A646-07BA033CFD78}.Debug|Any CPU.ActiveCfg = Debug|Any CPU
		{F25CCD71-9A3F-44D5-A646-07BA033CFD78}.Debug|Any CPU.Build.0 = Debug|Any CPU
		{F25CCD71-9A3F-44D5-A646-07BA033CFD78}.Release|Any CPU.ActiveCfg = Release|Any CPU
		{F25CCD71-9A3F-44D5-A646-07BA033CFD78}.Release|Any CPU.Build.0 = Release|Any CPU
		{3017A3D6-D3BC-4377-853A-D12CE8A689CB}.Debug|Any CPU.ActiveCfg = Debug|Any CPU
		{3017A3D6-D3BC-4377-853A-D12CE8A689CB}.Debug|Any CPU.Build.0 = Debug|Any CPU
		{3017A3D6-D3BC-4377-853A-D12CE8A689CB}.Release|Any CPU.ActiveCfg = Release|Any CPU
		{3017A3D6-D3BC-4377-853A-D12CE8A689CB}.Release|Any CPU.Build.0 = Release|Any CPU
		{9B5C8AD4-D0B8-493D-871D-105B885FAD8F}.Debug|Any CPU.ActiveCfg = Debug|Any CPU
		{9B5C8AD4-D0B8-493D-871D-105B885FAD8F}.Debug|Any CPU.Build.0 = Debug|Any CPU
		{9B5C8AD4-D0B8-493D-871D-105B885FAD8F}.Release|Any CPU.ActiveCfg = Release|Any CPU
		{9B5C8AD4-D0B8-493D-871D-105B885FAD8F}.Release|Any CPU.Build.0 = Release|Any CPU
		{9586B747-D6CA-434F-AD97-5CDAED0C8603}.Debug|Any CPU.ActiveCfg = Debug|Any CPU
		{9586B747-D6CA-434F-AD97-5CDAED0C8603}.Debug|Any CPU.Build.0 = Debug|Any CPU
		{9586B747-D6CA-434F-AD97-5CDAED0C8603}.Release|Any CPU.ActiveCfg = Release|Any CPU
		{9586B747-D6CA-434F-AD97-5CDAED0C8603}.Release|Any CPU.Build.0 = Release|Any CPU
		{7DCBCBAB-C325-4793-9DB0-7B805A57AFA4}.Debug|Any CPU.ActiveCfg = Debug|Any CPU
		{7DCBCBAB-C325-4793-9DB0-7B805A57AFA4}.Debug|Any CPU.Build.0 = Debug|Any CPU
		{7DCBCBAB-C325-4793-9DB0-7B805A57AFA4}.Release|Any CPU.ActiveCfg = Release|Any CPU
		{7DCBCBAB-C325-4793-9DB0-7B805A57AFA4}.Release|Any CPU.Build.0 = Release|Any CPU
	EndGlobalSection
	GlobalSection(SolutionProperties) = preSolution
		HideSolutionNode = FALSE
	EndGlobalSection
EndGlobal
